
Microsoft Visual Studio Solution File, Format Version 12.00
# Visual Studio Version 16
VisualStudioVersion = 16.0.31702.278
MinimumVisualStudioVersion = 10.0.40219.1
Project("{FAE04EC0-301F-11D3-BF4B-00C04F79EFBC}") = "UmbracoDeployIssue84", "UmbracoDeployIssue84\UmbracoDeployIssue84.csproj", "{4EA1757F-6462-4010-9534-474E9151CEE0}"
EndProject
Global
	GlobalSection(SolutionConfigurationPlatforms) = preSolution
		Debug|Any CPU = Debug|Any CPU
		Release|Any CPU = Release|Any CPU
	EndGlobalSection
	GlobalSection(ProjectConfigurationPlatforms) = postSolution
		{4EA1757F-6462-4010-9534-474E9151CEE0}.Debug|Any CPU.ActiveCfg = Debug|Any CPU
		{4EA1757F-6462-4010-9534-474E9151CEE0}.Debug|Any CPU.Build.0 = Debug|Any CPU
		{4EA1757F-6462-4010-9534-474E9151CEE0}.Release|Any CPU.ActiveCfg = Release|Any CPU
		{4EA1757F-6462-4010-9534-474E9151CEE0}.Release|Any CPU.Build.0 = Release|Any CPU
	EndGlobalSection
	GlobalSection(SolutionProperties) = preSolution
		HideSolutionNode = FALSE
	EndGlobalSection
	GlobalSection(ExtensibilityGlobals) = postSolution
		SolutionGuid = {4A6AF26D-CA66-4159-8749-941C67D1919B}
	EndGlobalSection
EndGlobal
